PODS:
  - AGConnectCore (1.4.0.200):
    - HMFoundation (~> 1.3)
  - AGConnectCredential (1.4.0.200):
    - AGConnectCore (~> 1.3)
  - FloatingPanel (2.4.0)
  - FoursquareKit (1.0.0)
  - HiAnalytics (6.1.0.300):
    - AGConnectCredential (>= 1.1.0)
  - HMFoundation (1.4.0.200)
  - HmsPushSDK (5.0.5.302):
    - HiAnalytics

DEPENDENCIES:
  - AGConnectCore
  - FloatingPanel
  - FoursquareKit
  - HmsPushSDK

SPEC REPOS:
  trunk:
    - AGConnectCore
    - AGConnectCredential
    - FloatingPanel
    - FoursquareKit
    - HiAnalytics
    - HMFoundation
    - HmsPushSDK

SPEC CHECKSUMS:
  AGConnectCore: f0f1462438969ceff31b2d81f32b133d24ecabb7
  AGConnectCredential: 825e384c4cdb21976d289bbc81072f88b21fb058
  FloatingPanel: fa60183672ed86313b9e241e34465e82211260e8
  FoursquareKit: d72b8634328d326cf962760c64a8ce5a6014f237
  HiAnalytics: 814b1de28383d190a806b077df095ad741c8b7d8
  HMFoundation: e636627732f445cda7e85a21f5b2c4ab818af828
  HmsPushSDK: c4f0507c5b8ee05958a5f104759b99c33d3bb078

PODFILE CHECKSUM: 00e16535c25a20b339b52fbbe048634b699eceae

COCOAPODS: 1.10.1
